# Fixed SDK component/source versions and immutable third-party archives.
# The two community AArch64 producer repositories are intentionally selected by
# their latest published full Release; their v* tags describe build-script
# revisions, not Android component versions.

SDK_BUILD_TOOLS_VERSION=36.0.0
SDK_PLATFORM_VERSION=android-36
SDK_CMDLINE_TOOLS_VERSION=22.0
SDK_NDK_VERSION=27.3.13750724
SDK_PLATFORM_TOOLS_VERSION=37.0.1
SDK_PLATFORM_TOOLS_PUBLIC_SOURCE_VERSION=37.0.0

GOOGLE_BASE_URL=https://dl.google.com/android/repository

BUILD_TOOLS_ARCHIVE=build-tools_r36_linux.zip
BUILD_TOOLS_SHA1=b0b6376977657e8ad9b969bacf4093601da2c6fb

PLATFORM_ARCHIVE=platform-36_r02.zip
PLATFORM_SHA1=2c1a80dd4d9f7d0e6dd336ec603d9b5c55a6f576

CMDLINE_TOOLS_ARCHIVE=commandlinetools-linux-15859902_latest.zip
CMDLINE_TOOLS_SHA1=040d3996a65543d22ec4bf73e4c37aa37a8d4af4

GOOGLE_CMAKE_3_ARCHIVE=cmake-3.22.1-linux.zip
GOOGLE_CMAKE_3_SHA1=fd0a48b4a758310df8c7aa51f59840ed48fe7ed8
GOOGLE_CMAKE_4_ARCHIVE=cmake-4.1.2-linux.zip
GOOGLE_CMAKE_4_SHA1=c8c4f1c19b75c56f28b9dcf1af928d25cf1a1471

CMAKE_3_AARCH64_URL=https://github.com/Kitware/CMake/releases/download/v3.22.1/cmake-3.22.1-linux-aarch64.tar.gz
CMAKE_3_AARCH64_SHA256=601443375aa1a48a1a076bda7e3cca73af88400463e166fffc3e1da3ce03540b
CMAKE_4_AARCH64_URL=https://github.com/Kitware/CMake/releases/download/v4.1.2/cmake-4.1.2-linux-aarch64.tar.gz
CMAKE_4_AARCH64_SHA256=0634996f918b3bab11f45522899c81c987b09c9a64d15f6a0d2bb51c42099534

NINJA_1_10_SOURCE_URL=https://github.com/ninja-build/ninja/archive/refs/tags/v1.10.2.tar.gz
NINJA_1_10_SOURCE_SHA256=ce35865411f0490368a8fc383f29071de6690cbadc27704734978221f25e2bed
NINJA_1_12_AARCH64_URL=https://github.com/ninja-build/ninja/releases/download/v1.12.1/ninja-linux-aarch64.zip
NINJA_1_12_AARCH64_SHA256=5c25c6570b0155e95fce5918cb95f1ad9870df5768653afe128db822301a05a1

PLATFORM_TOOLS_RELEASE_REPOSITORY=kaspersigi/platform-tools_r37.0.1-linux-aarch64
PLATFORM_TOOLS_RELEASE_ASSET=platform-tools_r37.0.1-linux.zip
PLATFORM_TOOLS_RELEASE_CHECKSUM_ASSET=platform-tools_r37.0.1-linux.zip.sha256

NDK_RELEASE_REPOSITORY=kaspersigi/android-ndk-r27d-linux-aarch64
NDK_RELEASE_ASSET=android-ndk-r27d-linux.zip
NDK_RELEASE_CHECKSUM_ASSET=android-ndk-r27d-linux.zip.sha256

# Official Linux x86_64 archives used to construct a fresh complete SDK
# reference tree for every default build.
REFERENCE_PLATFORM_TOOLS_ARCHIVE=platform-tools_r37.0.1-linux.zip
REFERENCE_PLATFORM_TOOLS_URL=https://dl.google.com/android/repository/platform-tools_r37.0.1-linux.zip
REFERENCE_PLATFORM_TOOLS_SHA256=d230f13842f60f782a8645f9c813f8f845bf36089ea7289f28c48f17979313f1
REFERENCE_NDK_ARCHIVE=android-ndk-r27d-linux.zip
REFERENCE_NDK_URL=https://dl.google.com/android/repository/android-ndk-r27d-linux.zip
REFERENCE_NDK_SHA256=601246087a682d1944e1e16dd85bc6e49560fe8b6d61255be2829178c8ed15d9
